
Microsoft Visual Studio Solution File, Format Version 12.00
# Visual Studio 2013
VisualStudioVersion = 12.0.31101.0
MinimumVisualStudioVersion = 10.0.40219.1
Project("{FAE04EC0-301F-11D3-BF4B-00C04F79EFBC}") = "idseefeld.de.imagecropper", "idseefeld.de.imagecropper\idseefeld.de.imagecropper.csproj", "{675C9A37-D36B-4781-A9D6-449E8F043055}"
EndProject
Project("{FAE04EC0-301F-11D3-BF4B-00C04F79EFBC}") = "idseefeld.de.imagecropper.pevc", "idseefeld.de.imagecropper.pevc\idseefeld.de.imagecropper.pevc.csproj", "{B4F2FD07-E5BA-4D3A-9FD8-74BAE33F6276}"
EndProject
Project("{FAE04EC0-301F-11D3-BF4B-00C04F79EFBC}") = "idseefeld.de.imagecropper.events", "idseefeld.de.imagecropper.events\idseefeld.de.imagecropper.events.csproj", "{0D56731B-9416-4FE2-BB74-B53F31EDE5D2}"
	ProjectSection(ProjectDependencies) = postProject
		{675C9A37-D36B-4781-A9D6-449E8F043055} = {675C9A37-D36B-4781-A9D6-449E8F043055}
	EndProjectSection
EndProject
Global
	GlobalSection(SolutionConfigurationPlatforms) = preSolution
		Debug|Any CPU = Debug|Any CPU
		Release|Any CPU = Release|Any CPU
	EndGlobalSection
	GlobalSection(ProjectConfigurationPlatforms) = postSolution
		{675C9A37-D36B-4781-A9D6-449E8F043055}.Debug|Any CPU.ActiveCfg = Debug|Any CPU
		{675C9A37-D36B-4781-A9D6-449E8F043055}.Debug|Any CPU.Build.0 = Debug|Any CPU
		{675C9A37-D36B-4781-A9D6-449E8F043055}.Release|Any CPU.ActiveCfg = Release|Any CPU
		{675C9A37-D36B-4781-A9D6-449E8F043055}.Release|Any CPU.Build.0 = Release|Any CPU
		{B4F2FD07-E5BA-4D3A-9FD8-74BAE33F6276}.Debug|Any CPU.ActiveCfg = Debug|Any CPU
		{B4F2FD07-E5BA-4D3A-9FD8-74BAE33F6276}.Debug|Any CPU.Build.0 = Debug|Any CPU
		{B4F2FD07-E5BA-4D3A-9FD8-74BAE33F6276}.Release|Any CPU.ActiveCfg = Release|Any CPU
		{B4F2FD07-E5BA-4D3A-9FD8-74BAE33F6276}.Release|Any CPU.Build.0 = Release|Any CPU
		{0D56731B-9416-4FE2-BB74-B53F31EDE5D2}.Debug|Any CPU.ActiveCfg = Debug|Any CPU
		{0D56731B-9416-4FE2-BB74-B53F31EDE5D2}.Debug|Any CPU.Build.0 = Debug|Any CPU
		{0D56731B-9416-4FE2-BB74-B53F31EDE5D2}.Release|Any CPU.ActiveCfg = Release|Any CPU
		{0D56731B-9416-4FE2-BB74-B53F31EDE5D2}.Release|Any CPU.Build.0 = Release|Any CPU
	EndGlobalSection
	GlobalSection(SolutionProperties) = preSolution
		HideSolutionNode = FALSE
	EndGlobalSection
EndGlobal
